<?xml version="1.0" encoding="utf-8"?>
<Project ToolsVersion="4.0" xmlns="http://schemas.microsoft.com/developer/msbuild/2003">
  <ItemGroup>
    <ClCompile Include="intergen.cpp" />
    <ClCompile Include="ig-method.cpp" />
    <ClCompile Include="ig-class.cpp" />
    <ClCompile Include="ig-lexer.cpp" />
    <ClCompile Include="rl-method.cpp" />
  </ItemGroup>
  <ItemGroup>
    <Filter Include="metagen">
      <UniqueIdentifier>{8941bbac-9747-464e-9381-cbcdb25ba062}</UniqueIdentifier>
    </Filter>
  </ItemGroup>
  <ItemGroup>
    <ClInclude Include="ig.h" />
  </ItemGroup>
  <ItemGroup>
    <None Include="metagen\interface.js.h.mtg">
      <Filter>metagen</Filter>
    </None>
    <None Include="metagen\interface.h.mtg">
      <Filter>metagen</Filter>
    </None>
    <None Include="metagen\template.inl.mtg">
      <Filter>metagen</Filter>
    </None>
    <None Include="metagen\file.intergen.cpp.mtg">
      <Filter>metagen</Filter>
    </None>
    <None Include="metagen\file.intergen.js.cpp.mtg">
      <Filter>metagen</Filter>
    </None>
  </ItemGroup>
</Project>